<?xml version="1.0" encoding="utf-8"?>
<Project ToolsVersion="4.0" xmlns="http://schemas.microsoft.com/developer/msbuild/2003">
  <ItemGroup>
    <Filter Include="源文件">
      <UniqueIdentifier>{4FC737F1-C7A5-4376-A066-2A32D752A2FF}</UniqueIdentifier>
      <Extensions>cpp;c;cc;cxx;def;odl;idl;hpj;bat;asm;asmx</Extensions>
    </Filter>
    <Filter Include="头文件">
      <UniqueIdentifier>{93995380-89BD-4b04-88EB-625FBE52EBFB}</UniqueIdentifier>
      <Extensions>h;hh;hpp;hxx;hm;inl;inc;ipp;xsd</Extensions>
    </Filter>
    <Filter Include="资源文件">
      <UniqueIdentifier>{67DA6AB6-F800-4c08-8B7A-83BB121AAD01}</UniqueIdentifier>
      <Extensions>rc;ico;cur;bmp;dlg;rc2;rct;bin;rgs;gif;jpg;jpeg;jpe;resx;tiff;tif;png;wav;mfcribbon-ms</Extensions>
    </Filter>
    <Filter Include="源文件\00-quickstart">
      <UniqueIdentifier>{f23127c6-410f-4918-b9bd-d4a6a2888b5f}</UniqueIdentifier>
    </Filter>
  </ItemGroup>
  <ItemGroup>
    <ClCompile Include="src\00-quick-start\0-first.cpp">
      <Filter>源文件\00-quickstart</Filter>
    </ClCompile>
    <ClCompile Include="src\00-quick-start\1-if.cpp">
      <Filter>源文件\00-quickstart</Filter>
    </ClCompile>
    <ClCompile Include="src\01-var\00-basic_ref_point.cpp">
      <Filter>源文件</Filter>
    </ClCompile>
    <ClCompile Include="src\01-var\01-const_alis_auto_decltype.cpp">
      <Filter>源文件</Filter>
    </ClCompile>
    <ClCompile Include="src\01-var\02-struct.cpp">
      <Filter>源文件</Filter>
    </ClCompile>
    <ClCompile Include="src\02-str-vector-arr\00-string.cpp">
      <Filter>源文件</Filter>
    </ClCompile>
    <ClCompile Include="src\02-str-vector-arr\01-vector.cpp">
      <Filter>源文件</Filter>
    </ClCompile>
    <ClCompile Include="src\02-str-vector-arr\02-iterator.cpp">
      <Filter>源文件</Filter>
    </ClCompile>
    <ClCompile Include="src\02-str-vector-arr\03-array.cpp">
      <Filter>源文件</Filter>
    </ClCompile>
    <ClCompile Include="src\03-expression\00-expression.cpp">
      <Filter>源文件</Filter>
    </ClCompile>
    <ClCompile Include="src\04-statement\00-statement.cpp">
      <Filter>源文件</Filter>
    </ClCompile>
    <ClCompile Include="src\99-test\demo.cpp">
      <Filter>源文件</Filter>
    </ClCompile>
    <ClCompile Include="src\05-function\00-basic.cpp">
      <Filter>源文件</Filter>
    </ClCompile>
    <ClCompile Include="src\05-function\01-pointer.cpp">
      <Filter>源文件</Filter>
    </ClCompile>
    <ClCompile Include="src\06-class\00-struct-friend.cpp">
      <Filter>源文件</Filter>
    </ClCompile>
    <ClCompile Include="src\06-class\01-other-feature.cpp">
      <Filter>源文件</Filter>
    </ClCompile>
    <ClCompile Include="src\06-class\02-stuctor.cpp">
      <Filter>源文件</Filter>
    </ClCompile>
    <ClCompile Include="src\08-sequence-container\00-start.cpp">
      <Filter>源文件</Filter>
    </ClCompile>
    <ClCompile Include="src\08-sequence-container\01-string.cpp">
      <Filter>源文件</Filter>
    </ClCompile>
    <ClCompile Include="src\08-sequence-container\02-adapter.cpp">
      <Filter>源文件</Filter>
    </ClCompile>
    <ClCompile Include="src\09-generic\00-start.cpp">
      <Filter>源文件</Filter>
    </ClCompile>
    <ClCompile Include="src\10-associate-container\00-start.cpp">
      <Filter>源文件</Filter>
    </ClCompile>
  </ItemGroup>
  <ItemGroup>
    <ClInclude Include="src\01-var\Sales_data.h">
      <Filter>头文件</Filter>
    </ClInclude>
  </ItemGroup>
</Project>